
Microsoft Visual Studio Solution File, Format Version 12.00
# Visual Studio 2012
Project("{159641D6-6404-4A2A-AE62-294DE0FE8301}") = "SNCF", "SNCF\SNCF.dtproj", "{AF80318F-C8D2-4019-A3E8-47BAE79CFFCA}"
EndProject
Global
	GlobalSection(SolutionConfigurationPlatforms) = preSolution
		Development|Default = Development|Default
	EndGlobalSection
	GlobalSection(ProjectConfigurationPlatforms) = postSolution
		{AF80318F-C8D2-4019-A3E8-47BAE79CFFCA}.Development|Default.ActiveCfg = Development
		{AF80318F-C8D2-4019-A3E8-47BAE79CFFCA}.Development|Default.Build.0 = Development
	EndGlobalSection
	GlobalSection(SolutionProperties) = preSolution
		HideSolutionNode = FALSE
	EndGlobalSection
EndGlobal
